
Microsoft Visual Studio Solution File, Format Version 12.00
# Visual Studio Version 17
VisualStudioVersion = 17.9.34902.65
MinimumVisualStudioVersion = 10.0.40219.1
Project("{9A19103F-16F7-4668-BE54-9A1E7A4F7556}") = "TaskTracker", "TaskTracker\TaskTracker.csproj", "{AEA08F1C-7F10-4A03-85A5-996BFDBE2198}"
EndProject
Project("{9A19103F-16F7-4668-BE54-9A1E7A4F7556}") = "TaskTracker.Database", "TaskTracker.Database\TaskTracker.Database.csproj", "{97C8E628-5382-406F-B4D1-1BF25A0958CA}"
EndProject
Project("{E53339B2-1760-4266-BCC7-CA923CBCF16C}") = "docker-compose", "docker-compose.dcproj", "{E02AF008-E355-4AA7-8B77-13A45B543269}"
EndProject
Project("{FAE04EC0-301F-11D3-BF4B-00C04F79EFBC}") = "TaskTracker.Common", "..\TaskTracker.Common\TaskTracker.Common.csproj", "{4477F681-B5EF-4B13-9E58-C32194FE7102}"
EndProject
Global
	GlobalSection(SolutionConfigurationPlatforms) = preSolution
		Debug|Any CPU = Debug|Any CPU
		Release|Any CPU = Release|Any CPU
	EndGlobalSection
	GlobalSection(ProjectConfigurationPlatforms) = postSolution
		{AEA08F1C-7F10-4A03-85A5-996BFDBE2198}.Debug|Any CPU.ActiveCfg = Debug|Any CPU
		{AEA08F1C-7F10-4A03-85A5-996BFDBE2198}.Debug|Any CPU.Build.0 = Debug|Any CPU
		{AEA08F1C-7F10-4A03-85A5-996BFDBE2198}.Release|Any CPU.ActiveCfg = Release|Any CPU
		{AEA08F1C-7F10-4A03-85A5-996BFDBE2198}.Release|Any CPU.Build.0 = Release|Any CPU
		{97C8E628-5382-406F-B4D1-1BF25A0958CA}.Debug|Any CPU.ActiveCfg = Debug|Any CPU
		{97C8E628-5382-406F-B4D1-1BF25A0958CA}.Debug|Any CPU.Build.0 = Debug|Any CPU
		{97C8E628-5382-406F-B4D1-1BF25A0958CA}.Release|Any CPU.ActiveCfg = Release|Any CPU
		{97C8E628-5382-406F-B4D1-1BF25A0958CA}.Release|Any CPU.Build.0 = Release|Any CPU
		{E02AF008-E355-4AA7-8B77-13A45B543269}.Debug|Any CPU.ActiveCfg = Debug|Any CPU
		{E02AF008-E355-4AA7-8B77-13A45B543269}.Debug|Any CPU.Build.0 = Debug|Any CPU
		{E02AF008-E355-4AA7-8B77-13A45B543269}.Release|Any CPU.ActiveCfg = Release|Any CPU
		{E02AF008-E355-4AA7-8B77-13A45B543269}.Release|Any CPU.Build.0 = Release|Any CPU
		{4477F681-B5EF-4B13-9E58-C32194FE7102}.Debug|Any CPU.ActiveCfg = Debug|Any CPU
		{4477F681-B5EF-4B13-9E58-C32194FE7102}.Debug|Any CPU.Build.0 = Debug|Any CPU
		{4477F681-B5EF-4B13-9E58-C32194FE7102}.Release|Any CPU.ActiveCfg = Release|Any CPU
		{4477F681-B5EF-4B13-9E58-C32194FE7102}.Release|Any CPU.Build.0 = Release|Any CPU
	EndGlobalSection
	GlobalSection(SolutionProperties) = preSolution
		HideSolutionNode = FALSE
	EndGlobalSection
	GlobalSection(ExtensibilityGlobals) = postSolution
		SolutionGuid = {7DD9CBC3-7860-4597-BA47-64E661881E93}
	EndGlobalSection
EndGlobal
